#
# This file is autogenerated by pip-compile with Python 3.12
# by the following command:
#
#    pip-compile --no-index --output-file=requirements-app.lock --strip-extras requirements-app.txt
#
aiofiles==24.1.0
    # via gradio
annotated-doc==0.0.5
    # via
    #   fastapi
    #   typer
annotated-types==0.8.0
    # via pydantic
anyio==4.15.1
    # via
    #   gradio
    #   httpx
    #   starlette
brotli==1.2.0
    # via gradio
certifi==2026.7.22
    # via
    #   httpcore
    #   httpx
    #   requests
charset-normalizer==3.5.1
    # via requests
click==8.5.0
    # via
    #   huggingface-hub
    #   uvicorn
fastapi==0.141.1
    # via
    #   -r requirements-app.txt
    #   gradio
ffmpy==1.0.0
    # via gradio
filelock==4.0.5
    # via huggingface-hub
fsspec==2026.9.0
    # via
    #   gradio-client
    #   huggingface-hub
gradio==5.50.0
    # via -r requirements-app.txt
gradio-client==1.14.0
    # via gradio
groovy==0.1.2
    # via gradio
grpcio==1.84.0
    # via qdrant-client
h11==0.16.0
    # via
    #   httpcore
    #   uvicorn
h2==4.4.1
    # via httpx
hf-xet==1.6.0
    # via huggingface-hub
hpack==4.2.0
    # via h2
httpcore==1.0.9
    # via httpx
httpx==0.28.1
    # via
    #   gradio
    #   gradio-client
    #   huggingface-hub
    #   qdrant-client
    #   safehttpx
huggingface-hub==1.33.0
    # via
    #   gradio
    #   gradio-client
hyperframe==6.1.0
    # via h2
idna==3.20
    # via
    #   anyio
    #   httpx
    #   requests
jinja2==3.1.6
    # via gradio
lxml==6.1.3
    # via -r requirements-app.txt
markdown==3.11
    # via -r requirements-app.txt
markdown-it-py==4.2.0
    # via rich
markupsafe==3.0.3
    # via
    #   gradio
    #   jinja2
mdurl==0.1.2
    # via markdown-it-py
numpy==2.5.3
    # via
    #   gradio
    #   pandas
    #   qdrant-client
    #   rank-bm25
olefile==0.47
    # via -r requirements-app.txt
orjson==3.12.0
    # via gradio
packaging==26.3
    # via
    #   gradio
    #   gradio-client
    #   huggingface-hub
pandas==2.3.3
    # via gradio
pillow==11.3.0
    # via gradio
portalocker==3.2.0
    # via qdrant-client
protobuf==7.36.2
    # via qdrant-client
pydantic==2.12.3
    # via
    #   -r requirements-app.txt
    #   fastapi
    #   gradio
    #   qdrant-client
pydantic-core==2.41.4
    # via pydantic
pydub==0.25.1
    # via gradio
pygments==2.21.0
    # via rich
pymupdf==1.28.2
    # via -r requirements-app.txt
python-dateutil==2.9.0.post0
    # via pandas
python-dotenv==1.2.3
    # via -r requirements-app.txt
python-multipart==0.0.32
    # via
    #   -r requirements-app.txt
    #   gradio
pytz==2026.4
    # via pandas
pyyaml==6.0.3
    # via
    #   gradio
    #   huggingface-hub
qdrant-client==1.19.1
    # via -r requirements-app.txt
rank-bm25==0.2.2
    # via -r requirements-app.txt
requests==2.34.2
    # via -r requirements-app.txt
rich==15.0.0
    # via typer
ruff==0.16.9
    # via gradio
safehttpx==0.1.7
    # via gradio
semantic-version==2.10.0
    # via gradio
shellingham==1.5.4
    # via typer
six==1.17.0
    # via python-dateutil
starlette==0.52.1
    # via
    #   fastapi
    #   gradio
tomlkit==0.13.3
    # via gradio
tqdm==4.70.1
    # via huggingface-hub
typer==0.27.2
    # via gradio
typing-extensions==4.16.0
    # via
    #   anyio
    #   fastapi
    #   gradio
    #   gradio-client
    #   grpcio
    #   huggingface-hub
    #   pydantic
    #   pydantic-core
    #   starlette
    #   typing-inspection
typing-inspection==0.4.4
    # via
    #   fastapi
    #   pydantic
tzdata==2026.4
    # via pandas
urllib3==2.8.0
    # via
    #   qdrant-client
    #   requests
uvicorn==0.54.0
    # via
    #   -r requirements-app.txt
    #   gradio
websockets==15.0.1
    # via gradio-client
